{
	"name": "@arwes/arwes",
	"version": "1.0.0-alpha.14",
	"lockfileVersion": 1,
	"requires": true,
	"dependencies": {
		"@arwes/sounds": {
			"version": "1.0.0-alpha.13",
			"resolved": "https://registry.npmjs.org/@arwes/sounds/-/sounds-1.0.0-alpha.13.tgz",
			"integrity": "sha512-uWF+Gmjv5xGASzwTyGdG+vZzu5KVAvBjo6Z0olfQ67CxxIZPjGdMr3CMwyvzooJcIigGQbOQqiscxdb1YtGBbQ==",
			"requires": {
				"@babel/runtime": "^7.6.3"
			}
		},
		"@babel/runtime": {
			"version": "7.7.6",
			"resolved": "https://registry.npmjs.org/@babel/runtime/-/runtime-7.7.6.tgz",
			"integrity": "sha512-BWAJxpNVa0QlE5gZdWjSxXtemZyZ9RmrmVozxt3NUXeZhVIJ5ANyqmMc0JDrivBZyxUuQvFxlvH4OWWOogGfUw==",
			"requires": {
				"regenerator-runtime": "^0.13.2"
			}
		},
		"brcast": {
			"version": "3.0.1",
			"resolved": "https://registry.npmjs.org/brcast/-/brcast-3.0.1.tgz",
			"integrity": "sha512-eI3yqf9YEqyGl9PCNTR46MGvDylGtaHjalcz6Q3fAPnP/PhpKkkve52vFdfGpwp4VUvK6LUr4TQN+2stCrEwTg=="
		},
		"classnames": {
			"version": "2.2.6",
			"resolved": "https://registry.npmjs.org/classnames/-/classnames-2.2.6.tgz",
			"integrity": "sha512-JR/iSQOSt+LQIWwrwEzJ9uk0xfN3mTVYMwt1Ir5mUcSN6pU+V4zQFFaJsclJbPuAUQH+yfWef6tm7l1quW3C8Q=="
		},
		"clipboard": {
			"version": "2.0.4",
			"resolved": "https://registry.npmjs.org/clipboard/-/clipboard-2.0.4.tgz",
			"integrity": "sha512-Vw26VSLRpJfBofiVaFb/I8PVfdI1OxKcYShe6fm0sP/DtmiWQNCjhM/okTvdCo0G+lMMm1rMYbk4IK4x1X+kgQ==",
			"optional": true,
			"requires": {
				"good-listener": "^1.2.2",
				"select": "^1.1.2",
				"tiny-emitter": "^2.0.0"
			}
		},
		"css-vendor": {
			"version": "0.3.8",
			"resolved": "https://registry.npmjs.org/css-vendor/-/css-vendor-0.3.8.tgz",
			"integrity": "sha1-ZCHP0wNM5mT+dnOXL9ARn8KJQfo=",
			"requires": {
				"is-in-browser": "^1.0.2"
			}
		},
		"d3-path": {
			"version": "1.0.9",
			"resolved": "https://registry.npmjs.org/d3-path/-/d3-path-1.0.9.tgz",
			"integrity": "sha512-VLaYcn81dtHVTjEHd8B+pbe9yHWpXKZUC87PzoFmsFrJqgFwDe/qxfp5MlfsfM1V5E/iVt0MmEbWQ7FVIXh/bg=="
		},
		"d3-shape": {
			"version": "1.3.7",
			"resolved": "https://registry.npmjs.org/d3-shape/-/d3-shape-1.3.7.tgz",
			"integrity": "sha512-EUkvKjqPFUAZyOlhY5gzCxCeI0Aep04LwIRpsZ/mLFelJiUfnK56jo5JMDSE7yyP2kLSb6LtF+S5chMk7uqPqw==",
			"requires": {
				"d3-path": "1"
			}
		},
		"delegate": {
			"version": "3.2.0",
			"resolved": "https://registry.npmjs.org/delegate/-/delegate-3.2.0.tgz",
			"integrity": "sha512-IofjkYBZaZivn0V8nnsMJGBr4jVLxHDheKSW88PyxS5QC4Vo9ZbZVvhzlSxY87fVq3STR6r+4cGepyHkcWOQSw==",
			"optional": true
		},
		"detect-node": {
			"version": "2.0.4",
			"resolved": "https://registry.npmjs.org/detect-node/-/detect-node-2.0.4.tgz",
			"integrity": "sha512-ZIzRpLJrOj7jjP2miAtgqIfmzbxa4ZOr5jJc601zklsfEx9oTzmmj2nVpIPRpNlRTIh8lc1kyViIY7BWSGNmKw=="
		},
		"dom-helpers": {
			"version": "3.4.0",
			"resolved": "https://registry.npmjs.org/dom-helpers/-/dom-helpers-3.4.0.tgz",
			"integrity": "sha512-LnuPJ+dwqKDIyotW1VzmOZ5TONUN7CwkCR5hrgawTUbkBGYdeoNLZo6nNfGkCrjtE1nXXaj7iMMpDa8/d9WoIA==",
			"requires": {
				"@babel/runtime": "^7.1.2"
			}
		},
		"extend": {
			"version": "3.0.2",
			"resolved": "https://registry.npmjs.org/extend/-/extend-3.0.2.tgz",
			"integrity": "sha512-fjquC59cD7CyW6urNXK0FBufkZcoiGG80wTuPujX590cB5Ttln20E2UB4S/WARVqhXffZl2LNgS+gQdPIIim/g=="
		},
		"good-listener": {
			"version": "1.2.2",
			"resolved": "https://registry.npmjs.org/good-listener/-/good-listener-1.2.2.tgz",
			"integrity": "sha1-1TswzfkxPf+33JoNR3CWqm0UXFA=",
			"optional": true,
			"requires": {
				"delegate": "^3.1.2"
			}
		},
		"hoist-non-react-statics": {
			"version": "2.5.5",
			"resolved": "https://registry.npmjs.org/hoist-non-react-statics/-/hoist-non-react-statics-2.5.5.tgz",
			"integrity": "sha512-rqcy4pJo55FTTLWt+bU8ukscqHeE/e9KWvsOW2b/a3afxQZhwkQdT1rPPCJ0rYXdj4vNcasY8zHTH+jF/qStxw=="
		},
		"hyphenate-style-name": {
			"version": "1.0.3",
			"resolved": "https://registry.npmjs.org/hyphenate-style-name/-/hyphenate-style-name-1.0.3.tgz",
			"integrity": "sha512-EcuixamT82oplpoJ2XU4pDtKGWQ7b00CD9f1ug9IaQ3p1bkHMiKCZ9ut9QDI6qsa6cpUuB+A/I+zLtdNK4n2DQ=="
		},
		"is-function": {
			"version": "1.0.1",
			"resolved": "https://registry.npmjs.org/is-function/-/is-function-1.0.1.tgz",
			"integrity": "sha1-Es+5i2W1fdPRk6MSH19uL0N2ArU="
		},
		"is-in-browser": {
			"version": "1.1.3",
			"resolved": "https://registry.npmjs.org/is-in-browser/-/is-in-browser-1.1.3.tgz",
			"integrity": "sha1-Vv9NtoOgeMYILrldrX3GLh0E+DU="
		},
		"is-plain-object": {
			"version": "2.0.4",
			"resolved": "https://registry.npmjs.org/is-plain-object/-/is-plain-object-2.0.4.tgz",
			"integrity": "sha512-h5PpgXkWitc38BBMYawTYMWJHFZJVnBquFE57xFpjB8pJFiF6gZ+bU+WyI/yqXiFR5mdLsgYNaPe8uao6Uv9Og==",
			"requires": {
				"isobject": "^3.0.1"
			}
		},
		"isobject": {
			"version": "3.0.1",
			"resolved": "https://registry.npmjs.org/isobject/-/isobject-3.0.1.tgz",
			"integrity": "sha1-TkMekrEalzFjaqH5yNHMvP2reN8="
		},
		"js-tokens": {
			"version": "4.0.0",
			"resolved": "https://registry.npmjs.org/js-tokens/-/js-tokens-4.0.0.tgz",
			"integrity": "sha512-RdJUflcE3cUzKiMqQgsCu06FPu9UdIJO0beYbPhHN4k6apgJtifcoCtT9bcxOpYBtpD2kCM6Sbzg4CausW/PKQ=="
		},
		"jss": {
			"version": "9.8.7",
			"resolved": "https://registry.npmjs.org/jss/-/jss-9.8.7.tgz",
			"integrity": "sha512-awj3XRZYxbrmmrx9LUSj5pXSUfm12m8xzi/VKeqI1ZwWBtQ0kVPTs3vYs32t4rFw83CgFDukA8wKzOE9sMQnoQ==",
			"requires": {
				"is-in-browser": "^1.1.3",
				"symbol-observable": "^1.1.0",
				"warning": "^3.0.0"
			}
		},
		"jss-camel-case": {
			"version": "6.1.0",
			"resolved": "https://registry.npmjs.org/jss-camel-case/-/jss-camel-case-6.1.0.tgz",
			"integrity": "sha512-HPF2Q7wmNW1t79mCqSeU2vdd/vFFGpkazwvfHMOhPlMgXrJDzdj9viA2SaHk9ZbD5pfL63a8ylp4++irYbbzMQ==",
			"requires": {
				"hyphenate-style-name": "^1.0.2"
			}
		},
		"jss-compose": {
			"version": "5.0.0",
			"resolved": "https://registry.npmjs.org/jss-compose/-/jss-compose-5.0.0.tgz",
			"integrity": "sha512-YofRYuiA0+VbeOw0VjgkyO380sA4+TWDrW52nSluD9n+1FWOlDzNbgpZ/Sb3Y46+DcAbOS21W5jo6SAqUEiuwA==",
			"requires": {
				"warning": "^3.0.0"
			}
		},
		"jss-default-unit": {
			"version": "8.0.2",
			"resolved": "https://registry.npmjs.org/jss-default-unit/-/jss-default-unit-8.0.2.tgz",
			"integrity": "sha512-WxNHrF/18CdoAGw2H0FqOEvJdREXVXLazn7PQYU7V6/BWkCV0GkmWsppNiExdw8dP4TU1ma1dT9zBNJ95feLmg=="
		},
		"jss-expand": {
			"version": "5.3.0",
			"resolved": "https://registry.npmjs.org/jss-expand/-/jss-expand-5.3.0.tgz",
			"integrity": "sha512-NiM4TbDVE0ykXSAw6dfFmB1LIqXP/jdd0ZMnlvlGgEMkMt+weJIl8Ynq1DsuBY9WwkNyzWktdqcEW2VN0RAtQg=="
		},
		"jss-extend": {
			"version": "6.2.0",
			"resolved": "https://registry.npmjs.org/jss-extend/-/jss-extend-6.2.0.tgz",
			"integrity": "sha512-YszrmcB6o9HOsKPszK7NeDBNNjVyiW864jfoiHoMlgMIg2qlxKw70axZHqgczXHDcoyi/0/ikP1XaHDPRvYtEA==",
			"requires": {
				"warning": "^3.0.0"
			}
		},
		"jss-global": {
			"version": "3.0.0",
			"resolved": "https://registry.npmjs.org/jss-global/-/jss-global-3.0.0.tgz",
			"integrity": "sha512-wxYn7vL+TImyQYGAfdplg7yaxnPQ9RaXY/cIA8hawaVnmmWxDHzBK32u1y+RAvWboa3lW83ya3nVZ/C+jyjZ5Q=="
		},
		"jss-nested": {
			"version": "6.0.1",
			"resolved": "https://registry.npmjs.org/jss-nested/-/jss-nested-6.0.1.tgz",
			"integrity": "sha512-rn964TralHOZxoyEgeq3hXY8hyuCElnvQoVrQwKHVmu55VRDd6IqExAx9be5HgK0yN/+hQdgAXQl/GUrBbbSTA==",
			"requires": {
				"warning": "^3.0.0"
			}
		},
		"jss-preset-default": {
			"version": "4.5.0",
			"resolved": "https://registry.npmjs.org/jss-preset-default/-/jss-preset-default-4.5.0.tgz",
			"integrity": "sha512-qZbpRVtHT7hBPpZEBPFfafZKWmq3tA/An5RNqywDsZQGrlinIF/mGD9lmj6jGqu8GrED2SMHZ3pPKLmjCZoiaQ==",
			"requires": {
				"jss-camel-case": "^6.1.0",
				"jss-compose": "^5.0.0",
				"jss-default-unit": "^8.0.2",
				"jss-expand": "^5.3.0",
				"jss-extend": "^6.2.0",
				"jss-global": "^3.0.0",
				"jss-nested": "^6.0.1",
				"jss-props-sort": "^6.0.0",
				"jss-template": "^1.0.1",
				"jss-vendor-prefixer": "^7.0.0"
			}
		},
		"jss-props-sort": {
			"version": "6.0.0",
			"resolved": "https://registry.npmjs.org/jss-props-sort/-/jss-props-sort-6.0.0.tgz",
			"integrity": "sha512-E89UDcrphmI0LzmvYk25Hp4aE5ZBsXqMWlkFXS0EtPkunJkRr+WXdCNYbXbksIPnKlBenGB9OxzQY+mVc70S+g=="
		},
		"jss-template": {
			"version": "1.0.1",
			"resolved": "https://registry.npmjs.org/jss-template/-/jss-template-1.0.1.tgz",
			"integrity": "sha512-m5BqEWha17fmIVXm1z8xbJhY6GFJxNB9H68GVnCWPyGYfxiAgY9WTQyvDAVj+pYRgrXSOfN5V1T4+SzN1sJTeg==",
			"requires": {
				"warning": "^3.0.0"
			}
		},
		"jss-vendor-prefixer": {
			"version": "7.0.0",
			"resolved": "https://registry.npmjs.org/jss-vendor-prefixer/-/jss-vendor-prefixer-7.0.0.tgz",
			"integrity": "sha512-Agd+FKmvsI0HLcYXkvy8GYOw3AAASBUpsmIRvVQheps+JWaN892uFOInTr0DRydwaD91vSSUCU4NssschvF7MA==",
			"requires": {
				"css-vendor": "^0.3.8"
			}
		},
		"loose-envify": {
			"version": "1.4.0",
			"resolved": "https://registry.npmjs.org/loose-envify/-/loose-envify-1.4.0.tgz",
			"integrity": "sha512-lyuxPGr/Wfhrlem2CL/UcnUc1zcqKAImBDzukY7Y5F/yQiNdko6+fRLevlw1HgMySw7f611UIY408EtxRSoK3Q==",
			"requires": {
				"js-tokens": "^3.0.0 || ^4.0.0"
			}
		},
		"object-assign": {
			"version": "4.1.1",
			"resolved": "https://registry.npmjs.org/object-assign/-/object-assign-4.1.1.tgz",
			"integrity": "sha1-IQmtx5ZYh8/AXLvUQsrIv7s2CGM="
		},
		"polished": {
			"version": "1.9.3",
			"resolved": "https://registry.npmjs.org/polished/-/polished-1.9.3.tgz",
			"integrity": "sha512-4NmSD7fMFlM8roNxs7YXPv7UFRbYzb0gufR5zBxJLRzY54+zFsavxBo6zsQzP9ep6Hh3pC2pTyrpSTBEaB6IkQ=="
		},
		"prismjs": {
			"version": "1.17.1",
			"resolved": "https://registry.npmjs.org/prismjs/-/prismjs-1.17.1.tgz",
			"integrity": "sha512-PrEDJAFdUGbOP6xK/UsfkC5ghJsPJviKgnQOoxaDbBjwc8op68Quupwt1DeAFoG8GImPhiKXAvvsH7wDSLsu1Q==",
			"requires": {
				"clipboard": "^2.0.0"
			}
		},
		"prop-types": {
			"version": "15.7.2",
			"resolved": "https://registry.npmjs.org/prop-types/-/prop-types-15.7.2.tgz",
			"integrity": "sha512-8QQikdH7//R2vurIJSutZ1smHYTcLpRWEOlHnzcWHmBYrOGUysKwSsrC89BCiFj3CbrfJ/nXFdJepOVrY1GCHQ==",
			"requires": {
				"loose-envify": "^1.4.0",
				"object-assign": "^4.1.1",
				"react-is": "^16.8.1"
			}
		},
		"react-is": {
			"version": "16.10.2",
			"resolved": "https://registry.npmjs.org/react-is/-/react-is-16.10.2.tgz",
			"integrity": "sha512-INBT1QEgtcCCgvccr5/86CfD71fw9EPmDxgiJX4I2Ddr6ZsV6iFXsuby+qWJPtmNuMY0zByTsG4468P7nHuNWA=="
		},
		"react-jss": {
			"version": "8.6.1",
			"resolved": "https://registry.npmjs.org/react-jss/-/react-jss-8.6.1.tgz",
			"integrity": "sha512-SH6XrJDJkAphp602J14JTy3puB2Zxz1FkM3bKVE8wON+va99jnUTKWnzGECb3NfIn9JPR5vHykge7K3/A747xQ==",
			"requires": {
				"hoist-non-react-statics": "^2.5.0",
				"jss": "^9.7.0",
				"jss-preset-default": "^4.3.0",
				"prop-types": "^15.6.0",
				"theming": "^1.3.0"
			}
		},
		"react-lifecycles-compat": {
			"version": "3.0.4",
			"resolved": "https://registry.npmjs.org/react-lifecycles-compat/-/react-lifecycles-compat-3.0.4.tgz",
			"integrity": "sha512-fBASbA6LnOU9dOU2eW7aQ8xmYBSXUIWr+UmF9b1efZBazGNO+rcXT/icdKnYm2pTwcRylVUYwW7H1PHfLekVzA=="
		},
		"react-transition-group": {
			"version": "2.9.0",
			"resolved": "https://registry.npmjs.org/react-transition-group/-/react-transition-group-2.9.0.tgz",
			"integrity": "sha512-+HzNTCHpeQyl4MJ/bdE0u6XRMe9+XG/+aL4mCxVN4DnPBQ0/5bfHWPDuOZUzYdMj94daZaZdCCc1Dzt9R/xSSg==",
			"requires": {
				"dom-helpers": "^3.4.0",
				"loose-envify": "^1.4.0",
				"prop-types": "^15.6.2",
				"react-lifecycles-compat": "^3.0.4"
			}
		},
		"regenerator-runtime": {
			"version": "0.13.3",
			"resolved": "https://registry.npmjs.org/regenerator-runtime/-/regenerator-runtime-0.13.3.tgz",
			"integrity": "sha512-naKIZz2GQ8JWh///G7L3X6LaQUAMp2lvb1rvwwsURe/VXwD6VMfr+/1NuNw3ag8v2kY1aQ/go5SNn79O9JU7yw=="
		},
		"select": {
			"version": "1.1.2",
			"resolved": "https://registry.npmjs.org/select/-/select-1.1.2.tgz",
			"integrity": "sha1-DnNQrN7ICxEIUoeG7B1EGNEbOW0=",
			"optional": true
		},
		"symbol-observable": {
			"version": "1.2.0",
			"resolved": "https://registry.npmjs.org/symbol-observable/-/symbol-observable-1.2.0.tgz",
			"integrity": "sha512-e900nM8RRtGhlV36KGEU9k65K3mPb1WV70OdjfxlG2EAuM1noi/E/BaW/uMhL7bPEssK8QV57vN3esixjUvcXQ=="
		},
		"theming": {
			"version": "1.3.0",
			"resolved": "https://registry.npmjs.org/theming/-/theming-1.3.0.tgz",
			"integrity": "sha512-ya5Ef7XDGbTPBv5ENTwrwkPUexrlPeiAg/EI9kdlUAZhNlRbCdhMKRgjNX1IcmsmiPcqDQZE6BpSaH+cr31FKw==",
			"requires": {
				"brcast": "^3.0.1",
				"is-function": "^1.0.1",
				"is-plain-object": "^2.0.1",
				"prop-types": "^15.5.8"
			}
		},
		"tiny-emitter": {
			"version": "2.1.0",
			"resolved": "https://registry.npmjs.org/tiny-emitter/-/tiny-emitter-2.1.0.tgz",
			"integrity": "sha512-NB6Dk1A9xgQPMoGqC5CVXn123gWyte215ONT5Pp5a0yt4nlEoO1ZWeCwpncaekPHXO60i47ihFnZPiRPjRMq4Q==",
			"optional": true
		},
		"warning": {
			"version": "3.0.0",
			"resolved": "https://registry.npmjs.org/warning/-/warning-3.0.0.tgz",
			"integrity": "sha1-MuU3fLVy3kqwR1O9+IIcAe1gW3w=",
			"requires": {
				"loose-envify": "^1.0.0"
			}
		}
	}
}
