{
	"name": "@arwes/animation",
	"version": "1.0.0-alpha.8",
	"lockfileVersion": 1,
	"requires": true,
	"dependencies": {
		"@babel/runtime": {
			"version": "7.4.4",
			"resolved": "https://registry.npmjs.org/@babel/runtime/-/runtime-7.4.4.tgz",
			"integrity": "sha512-w0+uT71b6Yi7i5SE0co4NioIpSYS6lLiXvCzWzGSKvpK5vdQtCbICHMj+gbAKAOtxiV6HsVh/MBdaF9EQ6faSg==",
			"requires": {
				"regenerator-runtime": "^0.13.2"
			}
		},
		"regenerator-runtime": {
			"version": "0.13.2",
			"resolved": "https://registry.npmjs.org/regenerator-runtime/-/regenerator-runtime-0.13.2.tgz",
			"integrity": "sha512-S/TQAZJO+D3m9xeN1WTI8dLKBBiRgXBlTJvbWjCThHWZj9EvHK70Ff50/tYj2J/fvBY6JtFVwRuazHN2E7M9BA=="
		}
	}
}
