{
  "name": "@arwes/core",
  "version": "1.0.0-alpha.18",
  "lockfileVersion": 1,
  "requires": true,
  "dependencies": {
    "@arwes/animation": {
      "version": "1.0.0-alpha.16",
      "resolved": "https://registry.npmjs.org/@arwes/animation/-/animation-1.0.0-alpha.16.tgz",
      "integrity": "sha512-YCx75/3XbiHw/0xeeO95cPX0QKbonqnNTygm2GJKb+AxYasYZhko4j9ZQYEfe5bQVe0MG5kB3MDMdk8aIofXHQ==",
      "dev": true
    },
    "@arwes/design": {
      "version": "1.0.0-alpha.17",
      "resolved": "https://registry.npmjs.org/@arwes/design/-/design-1.0.0-alpha.17.tgz",
      "integrity": "sha512-c/QGmN8Yn+8Myvf9n4ZOxIBIhqZlrFVDvMNJpxHoV8ioj9HOaP7zdkuEG+vBEzjJklrIZx2zNbjJFM/nBj6GCw==",
      "dev": true
    },
    "@arwes/sounds": {
      "version": "1.0.0-alpha.16",
      "resolved": "https://registry.npmjs.org/@arwes/sounds/-/sounds-1.0.0-alpha.16.tgz",
      "integrity": "sha512-xINsOcShvSBUe8STtQkmKbh/SscYehtTf0luGk9++SU1Ej8JaLHaJzIf4toUhdOeUNR/eYzLxlwLvnA06Fxp4w==",
      "dev": true
    }
  }
}
