{
	"requires": true,
	"lockfileVersion": 1,
	"dependencies": {
		"extend": {
			"version": "3.0.2",
			"resolved": "https://registry.npmjs.org/extend/-/extend-3.0.2.tgz",
			"integrity": "sha512-fjquC59cD7CyW6urNXK0FBufkZcoiGG80wTuPujX590cB5Ttln20E2UB4S/WARVqhXffZl2LNgS+gQdPIIim/g=="
		},
		"hoist-non-react-statics": {
			"version": "3.0.1",
			"resolved": "https://registry.npmjs.org/hoist-non-react-statics/-/hoist-non-react-statics-3.0.1.tgz",
			"integrity": "sha512-1kXwPsOi0OGQIZNVMPvgWJ9tSnGMiMfJdihqEzrPEXlHOBh9AAHXX/QYmAJTXztnz/K+PQ8ryCb4eGaN6HlGbQ==",
			"requires": {
				"react-is": "^16.3.2"
			}
		},
		"howler": {
			"version": "2.0.14",
			"resolved": "https://registry.npmjs.org/howler/-/howler-2.0.14.tgz",
			"integrity": "sha512-U2ao6mRaPjjzOtwQTDA2OMk9ftQ+k+CrdaBrSIxcO6artSNBtK4kwdx8vUoajMvv6vGZWYiQOmBYnffOFWHt7w=="
		},
		"react-is": {
			"version": "16.4.1",
			"resolved": "https://registry.npmjs.org/react-is/-/react-is-16.4.1.tgz",
			"integrity": "sha512-xpb0PpALlFWNw/q13A+1aHeyJyLYCg0/cCHPUA43zYluZuIPHaHL3k8OBsTgQtxqW0FhyDEMvi8fZ/+7+r4OSQ=="
		}
	}
}
